{
  "nodes": {
    "nixpkgs": {
      "locked": {
        "lastModified": 1785082112,
        "narHash": "sha256-WACw2IEVhdBl51mLhoYiWqSp4wiyV92Ld+3lfQ++9RE=",
        "rev": "e318e6adc497b5e8a5ac433c6c6ed21ecdab9029",
        "type": "tarball",
        "url": "https://releases.nixos.org/nixpkgs/nixpkgs-26.11pre1042068.e318e6adc497/nixexprs.tar.xz?lastModified=1785082112&rev=e318e6adc497b5e8a5ac433c6c6ed21ecdab9029"
      },
      "original": {
        "type": "tarball",
        "url": "https://channels.nixos.org/nixpkgs-unstable/nixexprs.tar.xz"
      }
    },
    "root": {
      "inputs": {
        "nixpkgs": "nixpkgs"
      }
    }
  },
  "root": "root",
  "version": 7
}
