{
  "nodes": {
    "nixpkgs": {
      "locked": {
        "lastModified": 1775793324,
        "narHash": "sha256-CTk9hS2DaQySciFGYaEx3/XwlK6nz6DYidAtK+aD0eQ=",
        "rev": "9d29d5f667d7467f98efc31881e824fa586c927e",
        "type": "tarball",
        "url": "https://releases.nixos.org/nixpkgs/nixpkgs-26.05pre977964.9d29d5f667d7/nixexprs.tar.xz?lastModified=1775793324&rev=9d29d5f667d7467f98efc31881e824fa586c927e"
      },
      "original": {
        "type": "tarball",
        "url": "https://channels.nixos.org/nixpkgs-unstable/nixexprs.tar.xz"
      }
    },
    "root": {
      "inputs": {
        "nixpkgs": "nixpkgs"
      }
    }
  },
  "root": "root",
  "version": 7
}
