{
  "nodes": {
    "nixpkgs": {
      "locked": {
        "lastModified": 1789960332,
        "narHash": "sha256-6LGCY9g1ZBI6kQeF8AKZ49sBPxcWLeuWTtbiC6LDtfU=",
        "rev": "35e212742ceab4ae1dcfbfd9039a39215c816e8e",
        "type": "tarball",
        "url": "https://releases.nixos.org/nixpkgs/nixpkgs-26.11pre1077358.35e212742cea/nixexprs.tar.xz?lastModified=1789960332&rev=35e212742ceab4ae1dcfbfd9039a39215c816e8e"
      },
      "original": {
        "type": "tarball",
        "url": "https://channels.nixos.org/nixpkgs-unstable/nixexprs.tar.xz"
      }
    },
    "root": {
      "inputs": {
        "nixpkgs": "nixpkgs"
      }
    }
  },
  "root": "root",
  "version": 7
}
